// !$*UTF8*$!
{
	archiveVersion = 1;
	classes = {
	};
	objectVersion = 46;
	objects = {

/* Begin PBXBuildFile section */
		713A92881EB7ACF6009C2413 /* main.m in Sources */ = {isa = PBXBuildFile; fileRef = 713A92871EB7ACF6009C2413 /* main.m */; };
		713A928B1EB7ACF6009C2413 /* AppDelegate.m in Sources */ = {isa = PBXBuildFile; fileRef = 713A928A1EB7ACF6009C2413 /* AppDelegate.m */; };
		713A928E1EB7ACF6009C2413 /* ViewController.m in Sources */ = {isa = PBXBuildFile; fileRef = 713A928D1EB7ACF6009C2413 /* ViewController.m */; };
		713A92911EB7ACF6009C2413 /* Main.storyboard in Resources */ = {isa = PBXBuildFile; fileRef = 713A928F1EB7ACF6009C2413 /* Main.storyboard */; };
		713A92931EB7ACF6009C2413 /* Assets.xcassets in Resources */ = {isa = PBXBuildFile; fileRef = 713A92921EB7ACF6009C2413 /* Assets.xcassets */; };
		713A92961EB7ACF6009C2413 /* LaunchScreen.storyboard in Resources */ = {isa = PBXBuildFile; fileRef = 713A92941EB7ACF6009C2413 /* LaunchScreen.storyboard */; };
		713A92A71EB7B638009C2413 /* Bolts.framework in Frameworks */ = {isa = PBXBuildFile; fileRef = 713A92A51EB7B638009C2413 /* Bolts.framework */; };
		713A92A81EB7B638009C2413 /* Parse.framework in Frameworks */ = {isa = PBXBuildFile; fileRef = 713A92A61EB7B638009C2413 /* Parse.framework */; };
		713A92AA1EB7B649009C2413 /* Bolts.framework in CopyFiles */ = {isa = PBXBuildFile; fileRef = 713A92A51EB7B638009C2413 /* Bolts.framework */; settings = {ATTRIBUTES = (CodeSignOnCopy, RemoveHeadersOnCopy, ); }; };
		713A92AB1EB7B649009C2413 /* Parse.framework in CopyFiles */ = {isa = PBXBuildFile; fileRef = 713A92A61EB7B638009C2413 /* Parse.framework */; settings = {ATTRIBUTES = (CodeSignOnCopy, RemoveHeadersOnCopy, ); }; };
		713A92B01EB7C0C2009C2413 /* MapKit.framework in Frameworks */ = {isa = PBXBuildFile; fileRef = 713A92AF1EB7C0C2009C2413 /* MapKit.framework */; };
		713A92B31EB8FF1F009C2413 /* AddReminderViewController.m in Sources */ = {isa = PBXBuildFile; fileRef = 713A92B21EB8FF1F009C2413 /* AddReminderViewController.m */; };
		713A92B61EB9221C009C2413 /* LocationController.m in Sources */ = {isa = PBXBuildFile; fileRef = 713A92B51EB9221C009C2413 /* LocationController.m */; };
/* End PBXBuildFile section */

/* Begin PBXCopyFilesBuildPhase section */
		713A92A91EB7B63D009C2413 /* CopyFiles */ = {
			isa = PBXCopyFilesBuildPhase;
			buildActionMask = 2147483647;
			dstPath = "";
			dstSubfolderSpec = 10;
			files = (
				713A92AA1EB7B649009C2413 /* Bolts.framework in CopyFiles */,
				713A92AB1EB7B649009C2413 /* Parse.framework in CopyFiles */,
			);
			runOnlyForDeploymentPostprocessing = 0;
		};
/* End PBXCopyFilesBuildPhase section */

/* Begin PBXFileReference section */
		713A92831EB7ACF6009C2413 /* LocationReminders.app */ = {isa = PBXFileReference; explicitFileType = wrapper.application; includeInIndex = 0; path = LocationReminders.app; sourceTree = BUILT_PRODUCTS_DIR; };
		713A92871EB7ACF6009C2413 /* main.m */ = {isa = PBXFileReference; lastKnownFileType = sourcecode.c.objc; path = main.m; sourceTree = "<group>"; };
		713A92891EB7ACF6009C2413 /* AppDelegate.h */ = {isa = PBXFileReference; lastKnownFileType = sourcecode.c.h; path = AppDelegate.h; sourceTree = "<group>"; };
		713A928A1EB7ACF6009C2413 /* AppDelegate.m */ = {isa = PBXFileReference; lastKnownFileType = sourcecode.c.objc; path = AppDelegate.m; sourceTree = "<group>"; };
		713A928C1EB7ACF6009C2413 /* ViewController.h */ = {isa = PBXFileReference; lastKnownFileType = sourcecode.c.h; path = ViewController.h; sourceTree = "<group>"; };
		713A928D1EB7ACF6009C2413 /* ViewController.m */ = {isa = PBXFileReference; lastKnownFileType = sourcecode.c.objc; path = ViewController.m; sourceTree = "<group>"; };
		713A92901EB7ACF6009C2413 /* Base */ = {isa = PBXFileReference; lastKnownFileType = file.storyboard; name = Base; path = Base.lproj/Main.storyboard; sourceTree = "<group>"; };
		713A92921EB7ACF6009C2413 /* Assets.xcassets */ = {isa = PBXFileReference; lastKnownFileType = folder.assetcatalog; path = Assets.xcassets; sourceTree = "<group>"; };
		713A92951EB7ACF6009C2413 /* Base */ = {isa = PBXFileReference; lastKnownFileType = file.storyboard; name = Base; path = Base.lproj/LaunchScreen.storyboard; sourceTree = "<group>"; };
		713A92971EB7ACF6009C2413 /* Info.plist */ = {isa = PBXFileReference; lastKnownFileType = text.plist.xml; path = Info.plist; sourceTree = "<group>"; };
		713A929E1EB7B2D7009C2413 /* Bolts.framework */ = {isa = PBXFileReference; lastKnownFileType = wrapper.framework; name = Bolts.framework; path = ../Carthage/Build/iOS/Bolts.framework; sourceTree = "<group>"; };
		713A929F1EB7B2D7009C2413 /* Parse.framework */ = {isa = PBXFileReference; lastKnownFileType = wrapper.framework; name = Parse.framework; path = ../Carthage/Build/iOS/Parse.framework; sourceTree = "<group>"; };
		713A92A51EB7B638009C2413 /* Bolts.framework */ = {isa = PBXFileReference; lastKnownFileType = wrapper.framework; name = Bolts.framework; path = Carthage/Build/iOS/Bolts.framework; sourceTree = "<group>"; };
		713A92A61EB7B638009C2413 /* Parse.framework */ = {isa = PBXFileReference; lastKnownFileType = wrapper.framework; name = Parse.framework; path = Carthage/Build/iOS/Parse.framework; sourceTree = "<group>"; };
		713A92AF1EB7C0C2009C2413 /* MapKit.framework */ = {isa = PBXFileReference; lastKnownFileType = wrapper.framework; name = MapKit.framework; path = System/Library/Frameworks/MapKit.framework; sourceTree = SDKROOT; };
		713A92B11EB8FF1F009C2413 /* AddReminderViewController.h */ = {isa = PBXFileReference; fileEncoding = 4; lastKnownFileType = sourcecode.c.h; path = AddReminderViewController.h; sourceTree = "<group>"; };
		713A92B21EB8FF1F009C2413 /* AddReminderViewController.m */ = {isa = PBXFileReference; fileEncoding = 4; lastKnownFileType = sourcecode.c.objc; path = AddReminderViewController.m; sourceTree = "<group>"; };
		713A92B41EB9221C009C2413 /* LocationController.h */ = {isa = PBXFileReference; fileEncoding = 4; lastKnownFileType = sourcecode.c.h; path = LocationController.h; sourceTree = "<group>"; };
		713A92B51EB9221C009C2413 /* LocationController.m */ = {isa = PBXFileReference; fileEncoding = 4; lastKnownFileType = sourcecode.c.objc; path = LocationController.m; sourceTree = "<group>"; };
/* End PBXFileReference section */

/* Begin PBXFrameworksBuildPhase section */
		713A92801EB7ACF6009C2413 /* Frameworks */ = {
			isa = PBXFrameworksBuildPhase;
			buildActionMask = 2147483647;
			files = (
				713A92A71EB7B638009C2413 /* Bolts.framework in Frameworks */,
				713A92B01EB7C0C2009C2413 /* MapKit.framework in Frameworks */,
				713A92A81EB7B638009C2413 /* Parse.framework in Frameworks */,
			);
			runOnlyForDeploymentPostprocessing = 0;
		};
/* End PBXFrameworksBuildPhase section */

/* Begin PBXGroup section */
		713A927A1EB7ACF6009C2413 = {
			isa = PBXGroup;
			children = (
				713A92851EB7ACF6009C2413 /* LocationReminders */,
				713A92841EB7ACF6009C2413 /* Products */,
				713A929D1EB7B2D7009C2413 /* Frameworks */,
			);
			sourceTree = "<group>";
		};
		713A92841EB7ACF6009C2413 /* Products */ = {
			isa = PBXGroup;
			children = (
				713A92831EB7ACF6009C2413 /* LocationReminders.app */,
			);
			name = Products;
			sourceTree = "<group>";
		};
		713A92851EB7ACF6009C2413 /* LocationReminders */ = {
			isa = PBXGroup;
			children = (
				713A92AD1EB7B85D009C2413 /* Model */,
				713A92AC1EB7B854009C2413 /* Controllers */,
				713A92AE1EB7B869009C2413 /* View */,
				713A92861EB7ACF6009C2413 /* Supporting Files */,
			);
			path = LocationReminders;
			sourceTree = "<group>";
		};
		713A92861EB7ACF6009C2413 /* Supporting Files */ = {
			isa = PBXGroup;
			children = (
				713A92921EB7ACF6009C2413 /* Assets.xcassets */,
				713A92971EB7ACF6009C2413 /* Info.plist */,
				713A92871EB7ACF6009C2413 /* main.m */,
			);
			name = "Supporting Files";
			sourceTree = "<group>";
		};
		713A929D1EB7B2D7009C2413 /* Frameworks */ = {
			isa = PBXGroup;
			children = (
				713A92AF1EB7C0C2009C2413 /* MapKit.framework */,
				713A92A51EB7B638009C2413 /* Bolts.framework */,
				713A92A61EB7B638009C2413 /* Parse.framework */,
				713A929E1EB7B2D7009C2413 /* Bolts.framework */,
				713A929F1EB7B2D7009C2413 /* Parse.framework */,
			);
			name = Frameworks;
			sourceTree = "<group>";
		};
		713A92AC1EB7B854009C2413 /* Controllers */ = {
			isa = PBXGroup;
			children = (
				713A92B11EB8FF1F009C2413 /* AddReminderViewController.h */,
				713A92B21EB8FF1F009C2413 /* AddReminderViewController.m */,
				713A928C1EB7ACF6009C2413 /* ViewController.h */,
				713A928D1EB7ACF6009C2413 /* ViewController.m */,
			);
			name = Controllers;
			sourceTree = "<group>";
		};
		713A92AD1EB7B85D009C2413 /* Model */ = {
			isa = PBXGroup;
			children = (
				713A92B41EB9221C009C2413 /* LocationController.h */,
				713A92B51EB9221C009C2413 /* LocationController.m */,
				713A92891EB7ACF6009C2413 /* AppDelegate.h */,
				713A928A1EB7ACF6009C2413 /* AppDelegate.m */,
			);
			name = Model;
			sourceTree = "<group>";
		};
		713A92AE1EB7B869009C2413 /* View */ = {
			isa = PBXGroup;
			children = (
				713A928F1EB7ACF6009C2413 /* Main.storyboard */,
				713A92941EB7ACF6009C2413 /* LaunchScreen.storyboard */,
			);
			name = View;
			sourceTree = "<group>";
		};
/* End PBXGroup section */

/* Begin PBXNativeTarget section */
		713A92821EB7ACF6009C2413 /* LocationReminders */ = {
			isa = PBXNativeTarget;
			buildConfigurationList = 713A929A1EB7ACF6009C2413 /* Build configuration list for PBXNativeTarget "LocationReminders" */;
			buildPhases = (
				713A927F1EB7ACF6009C2413 /* Sources */,
				713A92801EB7ACF6009C2413 /* Frameworks */,
				713A92811EB7ACF6009C2413 /* Resources */,
				713A92A91EB7B63D009C2413 /* CopyFiles */,
			);
			buildRules = (
			);
			dependencies = (
			);
			name = LocationReminders;
			productName = LocationReminders;
			productReference = 713A92831EB7ACF6009C2413 /* LocationReminders.app */;
			productType = "com.apple.product-type.application";
		};
/* End PBXNativeTarget section */

/* Begin PBXProject section */
		713A927B1EB7ACF6009C2413 /* Project object */ = {
			isa = PBXProject;
			attributes = {
				LastUpgradeCheck = 0830;
				ORGANIZATIONNAME = "Brandon Little";
				TargetAttributes = {
					713A92821EB7ACF6009C2413 = {
						CreatedOnToolsVersion = 8.3.2;
						DevelopmentTeam = PQL3EX4TE2;
						ProvisioningStyle = Automatic;
						SystemCapabilities = {
							com.apple.Maps.iOS = {
								enabled = 1;
							};
						};
					};
				};
			};
			buildConfigurationList = 713A927E1EB7ACF6009C2413 /* Build configuration list for PBXProject "LocationReminders" */;
			compatibilityVersion = "Xcode 3.2";
			developmentRegion = English;
			hasScannedForEncodings = 0;
			knownRegions = (
				en,
				Base,
			);
			mainGroup = 713A927A1EB7ACF6009C2413;
			productRefGroup = 713A92841EB7ACF6009C2413 /* Products */;
			projectDirPath = "";
			projectRoot = "";
			targets = (
				713A92821EB7ACF6009C2413 /* LocationReminders */,
			);
		};
/* End PBXProject section */

/* Begin PBXResourcesBuildPhase section */
		713A92811EB7ACF6009C2413 /* Resources */ = {
			isa = PBXResourcesBuildPhase;
			buildActionMask = 2147483647;
			files = (
				713A92961EB7ACF6009C2413 /* LaunchScreen.storyboard in Resources */,
				713A92931EB7ACF6009C2413 /* Assets.xcassets in Resources */,
				713A92911EB7ACF6009C2413 /* Main.storyboard in Resources */,
			);
			runOnlyForDeploymentPostprocessing = 0;
		};
/* End PBXResourcesBuildPhase section */

/* Begin PBXSourcesBuildPhase section */
		713A927F1EB7ACF6009C2413 /* Sources */ = {
			isa = PBXSourcesBuildPhase;
			buildActionMask = 2147483647;
			files = (
				713A92B61EB9221C009C2413 /* LocationController.m in Sources */,
				713A92B31EB8FF1F009C2413 /* AddReminderViewController.m in Sources */,
				713A928E1EB7ACF6009C2413 /* ViewController.m in Sources */,
				713A928B1EB7ACF6009C2413 /* AppDelegate.m in Sources */,
				713A92881EB7ACF6009C2413 /* main.m in Sources */,
			);
			runOnlyForDeploymentPostprocessing = 0;
		};
/* End PBXSourcesBuildPhase section */

/* Begin PBXVariantGroup section */
		713A928F1EB7ACF6009C2413 /* Main.storyboard */ = {
			isa = PBXVariantGroup;
			children = (
				713A92901EB7ACF6009C2413 /* Base */,
			);
			name = Main.storyboard;
			sourceTree = "<group>";
		};
		713A92941EB7ACF6009C2413 /* LaunchScreen.storyboard */ = {
			isa = PBXVariantGroup;
			children = (
				713A92951EB7ACF6009C2413 /* Base */,
			);
			name = LaunchScreen.storyboard;
			sourceTree = "<group>";
		};
/* End PBXVariantGroup section */

/* Begin XCBuildConfiguration section */
		713A92981EB7ACF6009C2413 /* Debug */ = {
			isa = XCBuildConfiguration;
			buildSettings = {
				ALWAYS_SEARCH_USER_PATHS = NO;
				CLANG_ANALYZER_NONNULL = YES;
				CLANG_ANALYZER_NUMBER_OBJECT_CONVERSION = YES_AGGRESSIVE;
				CLANG_CXX_LANGUAGE_STANDARD = "gnu++0x";
				CLANG_CXX_LIBRARY = "libc++";
				CLANG_ENABLE_MODULES = YES;
				CLANG_ENABLE_OBJC_ARC = YES;
				CLANG_WARN_BOOL_CONVERSION = YES;
				CLANG_WARN_CONSTANT_CONVERSION = YES;
				CLANG_WARN_DIRECT_OBJC_ISA_USAGE = YES_ERROR;
				CLANG_WARN_DOCUMENTATION_COMMENTS = YES;
				CLANG_WARN_EMPTY_BODY = YES;
				CLANG_WARN_ENUM_CONVERSION = YES;
				CLANG_WARN_INFINITE_RECURSION = YES;
				CLANG_WARN_INT_CONVERSION = YES;
				CLANG_WARN_OBJC_ROOT_CLASS = YES_ERROR;
				CLANG_WARN_SUSPICIOUS_MOVE = YES;
				CLANG_WARN_UNREACHABLE_CODE = YES;
				CLANG_WARN__DUPLICATE_METHOD_MATCH = YES;
				"CODE_SIGN_IDENTITY[sdk=iphoneos*]" = "iPhone Developer";
				COPY_PHASE_STRIP = NO;
				DEBUG_INFORMATION_FORMAT = dwarf;
				ENABLE_STRICT_OBJC_MSGSEND = YES;
				ENABLE_TESTABILITY = YES;
				GCC_C_LANGUAGE_STANDARD = gnu99;
				GCC_DYNAMIC_NO_PIC = NO;
				GCC_NO_COMMON_BLOCKS = YES;
				GCC_OPTIMIZATION_LEVEL = 0;
				GCC_PREPROCESSOR_DEFINITIONS = (
					"DEBUG=1",
					"$(inherited)",
				);
				GCC_WARN_64_TO_32_BIT_CONVERSION = YES;
				GCC_WARN_ABOUT_RETURN_TYPE = YES_ERROR;
				GCC_WARN_UNDECLARED_SELECTOR = YES;
				GCC_WARN_UNINITIALIZED_AUTOS = YES_AGGRESSIVE;
				GCC_WARN_UNUSED_FUNCTION = YES;
				GCC_WARN_UNUSED_VARIABLE = YES;
				IPHONEOS_DEPLOYMENT_TARGET = 10.3;
				MTL_ENABLE_DEBUG_INFO = YES;
				ONLY_ACTIVE_ARCH = YES;
				SDKROOT = iphoneos;
				TARGETED_DEVICE_FAMILY = "1,2";
			};
			name = Debug;
		};
		713A92991EB7ACF6009C2413 /* Release */ = {
			isa = XCBuildConfiguration;
			buildSettings = {
				ALWAYS_SEARCH_USER_PATHS = NO;
				CLANG_ANALYZER_NONNULL = YES;
				CLANG_ANALYZER_NUMBER_OBJECT_CONVERSION = YES_AGGRESSIVE;
				CLANG_CXX_LANGUAGE_STANDARD = "gnu++0x";
				CLANG_CXX_LIBRARY = "libc++";
				CLANG_ENABLE_MODULES = YES;
				CLANG_ENABLE_OBJC_ARC = YES;
				CLANG_WARN_BOOL_CONVERSION = YES;
				CLANG_WARN_CONSTANT_CONVERSION = YES;
				CLANG_WARN_DIRECT_OBJC_ISA_USAGE = YES_ERROR;
				CLANG_WARN_DOCUMENTATION_COMMENTS = YES;
				CLANG_WARN_EMPTY_BODY = YES;
				CLANG_WARN_ENUM_CONVERSION = YES;
				CLANG_WARN_INFINITE_RECURSION = YES;
				CLANG_WARN_INT_CONVERSION = YES;
				CLANG_WARN_OBJC_ROOT_CLASS = YES_ERROR;
				CLANG_WARN_SUSPICIOUS_MOVE = YES;
				CLANG_WARN_UNREACHABLE_CODE = YES;
				CLANG_WARN__DUPLICATE_METHOD_MATCH = YES;
				"CODE_SIGN_IDENTITY[sdk=iphoneos*]" = "iPhone Developer";
				COPY_PHASE_STRIP = NO;
				DEBUG_INFORMATION_FORMAT = "dwarf-with-dsym";
				ENABLE_NS_ASSERTIONS = NO;
				ENABLE_STRICT_OBJC_MSGSEND = YES;
				GCC_C_LANGUAGE_STANDARD = gnu99;
				GCC_NO_COMMON_BLOCKS = YES;
				GCC_WARN_64_TO_32_BIT_CONVERSION = YES;
				GCC_WARN_ABOUT_RETURN_TYPE = YES_ERROR;
				GCC_WARN_UNDECLARED_SELECTOR = YES;
				GCC_WARN_UNINITIALIZED_AUTOS = YES_AGGRESSIVE;
				GCC_WARN_UNUSED_FUNCTION = YES;
				GCC_WARN_UNUSED_VARIABLE = YES;
				IPHONEOS_DEPLOYMENT_TARGET = 10.3;
				MTL_ENABLE_DEBUG_INFO = NO;
				SDKROOT = iphoneos;
				TARGETED_DEVICE_FAMILY = "1,2";
				VALIDATE_PRODUCT = YES;
			};
			name = Release;
		};
		713A929B1EB7ACF6009C2413 /* Debug */ = {
			isa = XCBuildConfiguration;
			buildSettings = {
				ASSETCATALOG_COMPILER_APPICON_NAME = AppIcon;
				DEVELOPMENT_TEAM = PQL3EX4TE2;
				FRAMEWORK_SEARCH_PATHS = (
					"$(inherited)",
					"$(PROJECT_DIR)/Carthage/Build/iOS",
				);
				INFOPLIST_FILE = LocationReminders/Info.plist;
				LD_RUNPATH_SEARCH_PATHS = "$(inherited) @executable_path/Frameworks";
				PRODUCT_BUNDLE_IDENTIFIER = com.brandonlittle.LocationReminders;
				PRODUCT_NAME = "$(TARGET_NAME)";
			};
			name = Debug;
		};
		713A929C1EB7ACF6009C2413 /* Release */ = {
			isa = XCBuildConfiguration;
			buildSettings = {
				ASSETCATALOG_COMPILER_APPICON_NAME = AppIcon;
				DEVELOPMENT_TEAM = PQL3EX4TE2;
				FRAMEWORK_SEARCH_PATHS = (
					"$(inherited)",
					"$(PROJECT_DIR)/Carthage/Build/iOS",
				);
				INFOPLIST_FILE = LocationReminders/Info.plist;
				LD_RUNPATH_SEARCH_PATHS = "$(inherited) @executable_path/Frameworks";
				PRODUCT_BUNDLE_IDENTIFIER = com.brandonlittle.LocationReminders;
				PRODUCT_NAME = "$(TARGET_NAME)";
			};
			name = Release;
		};
/* End XCBuildConfiguration section */

/* Begin XCConfigurationList section */
		713A927E1EB7ACF6009C2413 /* Build configuration list for PBXProject "LocationReminders" */ = {
			isa = XCConfigurationList;
			buildConfigurations = (
				713A92981EB7ACF6009C2413 /* Debug */,
				713A92991EB7ACF6009C2413 /* Release */,
			);
			defaultConfigurationIsVisible = 0;
			defaultConfigurationName = Release;
		};
		713A929A1EB7ACF6009C2413 /* Build configuration list for PBXNativeTarget "LocationReminders" */ = {
			isa = XCConfigurationList;
			buildConfigurations = (
				713A929B1EB7ACF6009C2413 /* Debug */,
				713A929C1EB7ACF6009C2413 /* Release */,
			);
			defaultConfigurationIsVisible = 0;
		};
/* End XCConfigurationList section */
	};
	rootObject = 713A927B1EB7ACF6009C2413 /* Project object */;
}
